
Microsoft Visual Studio Solution File, Format Version 11.00
# Visual C# Express 2010
Project("{FAE04EC0-301F-11D3-BF4B-00C04F79EFBC}") = "MadLib", "MadLib\MadLib.csproj", "{2A0DFCA7-BB51-427F-8AEF-2C8E7D09877D}"
EndProject
Global
	GlobalSection(SolutionConfigurationPlatforms) = preSolution
		Debug|Any CPU = Debug|Any CPU
		Release|Any CPU = Release|Any CPU
	EndGlobalSection
	GlobalSection(ProjectConfigurationPlatforms) = postSolution
		{2A0DFCA7-BB51-427F-8AEF-2C8E7D09877D}.Debug|Any CPU.ActiveCfg = Debug|Any CPU
		{2A0DFCA7-BB51-427F-8AEF-2C8E7D09877D}.Debug|Any CPU.Build.0 = Debug|Any CPU
		{2A0DFCA7-BB51-427F-8AEF-2C8E7D09877D}.Release|Any CPU.ActiveCfg = Release|Any CPU
		{2A0DFCA7-BB51-427F-8AEF-2C8E7D09877D}.Release|Any CPU.Build.0 = Release|Any CPU
	EndGlobalSection
	GlobalSection(SolutionProperties) = preSolution
		HideSolutionNode = FALSE
	EndGlobalSection
EndGlobal
