
Microsoft Visual Studio Solution File, Format Version 11.00
# Visual C# Express 2010
Project("{FAE04EC0-301F-11D3-BF4B-00C04F79EFBC}") = "TreeTester", "TreeTester\TreeTester.csproj", "{20C8070E-20CD-479F-8C80-D505F7E89774}"
EndProject
Global
	GlobalSection(SolutionConfigurationPlatforms) = preSolution
		Debug|x86 = Debug|x86
		Release|x86 = Release|x86
	EndGlobalSection
	GlobalSection(ProjectConfigurationPlatforms) = postSolution
		{20C8070E-20CD-479F-8C80-D505F7E89774}.Debug|x86.ActiveCfg = Debug|x86
		{20C8070E-20CD-479F-8C80-D505F7E89774}.Debug|x86.Build.0 = Debug|x86
		{20C8070E-20CD-479F-8C80-D505F7E89774}.Release|x86.ActiveCfg = Release|x86
		{20C8070E-20CD-479F-8C80-D505F7E89774}.Release|x86.Build.0 = Release|x86
	EndGlobalSection
	GlobalSection(SolutionProperties) = preSolution
		HideSolutionNode = FALSE
	EndGlobalSection
EndGlobal
