
Microsoft Visual Studio Solution File, Format Version 11.00
# Visual C# Express 2010
Project("{FAE04EC0-301F-11D3-BF4B-00C04F79EFBC}") = "NumberSpirals", "NumberSpirals\NumberSpirals.csproj", "{BA5F321D-2307-4D22-9AEC-7CCD1675DD20}"
EndProject
Global
	GlobalSection(SolutionConfigurationPlatforms) = preSolution
		Debug|x86 = Debug|x86
		Release|x86 = Release|x86
	EndGlobalSection
	GlobalSection(ProjectConfigurationPlatforms) = postSolution
		{BA5F321D-2307-4D22-9AEC-7CCD1675DD20}.Debug|x86.ActiveCfg = Debug|x86
		{BA5F321D-2307-4D22-9AEC-7CCD1675DD20}.Debug|x86.Build.0 = Debug|x86
		{BA5F321D-2307-4D22-9AEC-7CCD1675DD20}.Release|x86.ActiveCfg = Release|x86
		{BA5F321D-2307-4D22-9AEC-7CCD1675DD20}.Release|x86.Build.0 = Release|x86
	EndGlobalSection
	GlobalSection(SolutionProperties) = preSolution
		HideSolutionNode = FALSE
	EndGlobalSection
EndGlobal
