
Microsoft Visual Studio Solution File, Format Version 11.00
# Visual C# Express 2010
Project("{FAE04EC0-301F-11D3-BF4B-00C04F79EFBC}") = "HelloWorld", "HelloWorld\HelloWorld.csproj", "{CEBAC5FD-E5C4-486A-9BC0-538015294EFD}"
EndProject
Global
	GlobalSection(SolutionConfigurationPlatforms) = preSolution
		Debug|Any CPU = Debug|Any CPU
		Release|Any CPU = Release|Any CPU
	EndGlobalSection
	GlobalSection(ProjectConfigurationPlatforms) = postSolution
		{CEBAC5FD-E5C4-486A-9BC0-538015294EFD}.Debug|Any CPU.ActiveCfg = Debug|Any CPU
		{CEBAC5FD-E5C4-486A-9BC0-538015294EFD}.Debug|Any CPU.Build.0 = Debug|Any CPU
		{CEBAC5FD-E5C4-486A-9BC0-538015294EFD}.Release|Any CPU.ActiveCfg = Release|Any CPU
		{CEBAC5FD-E5C4-486A-9BC0-538015294EFD}.Release|Any CPU.Build.0 = Release|Any CPU
	EndGlobalSection
	GlobalSection(SolutionProperties) = preSolution
		HideSolutionNode = FALSE
	EndGlobalSection
EndGlobal
