
Microsoft Visual Studio Solution File, Format Version 11.00
# Visual C# Express 2010
Project("{FAE04EC0-301F-11D3-BF4B-00C04F79EFBC}") = "IfDemo", "IfDemo\IfDemo.csproj", "{9579403A-D143-451C-9CC0-CC02D8A8377A}"
EndProject
Global
	GlobalSection(SolutionConfigurationPlatforms) = preSolution
		Debug|x86 = Debug|x86
		Release|x86 = Release|x86
	EndGlobalSection
	GlobalSection(ProjectConfigurationPlatforms) = postSolution
		{9579403A-D143-451C-9CC0-CC02D8A8377A}.Debug|x86.ActiveCfg = Debug|x86
		{9579403A-D143-451C-9CC0-CC02D8A8377A}.Debug|x86.Build.0 = Debug|x86
		{9579403A-D143-451C-9CC0-CC02D8A8377A}.Release|x86.ActiveCfg = Release|x86
		{9579403A-D143-451C-9CC0-CC02D8A8377A}.Release|x86.Build.0 = Release|x86
	EndGlobalSection
	GlobalSection(SolutionProperties) = preSolution
		HideSolutionNode = FALSE
	EndGlobalSection
EndGlobal
